// !$*UTF8*$!
{
	archiveVersion = 1;
	classes = {
	};
	objectVersion = 46;
	objects = {

/* Begin PBXBuildFile section */
		BA1E86EF1CAD62E000B1DF1D /* main.m in Sources */ = {isa = PBXBuildFile; fileRef = BA1E86EE1CAD62E000B1DF1D /* main.m */; };
		BA1E86F21CAD62E000B1DF1D /* AppDelegate.m in Sources */ = {isa = PBXBuildFile; fileRef = BA1E86F11CAD62E000B1DF1D /* AppDelegate.m */; };
		BA1E86F51CAD62E000B1DF1D /* ViewController.m in Sources */ = {isa = PBXBuildFile; fileRef = BA1E86F41CAD62E000B1DF1D /* ViewController.m */; };
		BA1E86F81CAD62E000B1DF1D /* Main.storyboard in Resources */ = {isa = PBXBuildFile; fileRef = BA1E86F61CAD62E000B1DF1D /* Main.storyboard */; };
		BA1E86FA1CAD62E000B1DF1D /* Assets.xcassets in Resources */ = {isa = PBXBuildFile; fileRef = BA1E86F91CAD62E000B1DF1D /* Assets.xcassets */; };
		BA1E86FD1CAD62E000B1DF1D /* LaunchScreen.storyboard in Resources */ = {isa = PBXBuildFile; fileRef = BA1E86FB1CAD62E000B1DF1D /* LaunchScreen.storyboard */; };
		BA1E87081CAD62E000B1DF1D /* POPGreeButtonTests.m in Sources */ = {isa = PBXBuildFile; fileRef = BA1E87071CAD62E000B1DF1D /* POPGreeButtonTests.m */; };
		BA1E87131CAD62E000B1DF1D /* POPGreeButtonUITests.m in Sources */ = {isa = PBXBuildFile; fileRef = BA1E87121CAD62E000B1DF1D /* POPGreeButtonUITests.m */; };
		BA1E87281CAD84C300B1DF1D /* POPButton.m in Sources */ = {isa = PBXBuildFile; fileRef = BA1E87271CAD84C300B1DF1D /* POPButton.m */; };
/* End PBXBuildFile section */

/* Begin PBXContainerItemProxy section */
		BA1E87041CAD62E000B1DF1D /* PBXContainerItemProxy */ = {
			isa = PBXContainerItemProxy;
			containerPortal = BA1E86E21CAD62E000B1DF1D /* Project object */;
			proxyType = 1;
			remoteGlobalIDString = BA1E86E91CAD62E000B1DF1D;
			remoteInfo = POPGreeButton;
		};
		BA1E870F1CAD62E000B1DF1D /* PBXContainerItemProxy */ = {
			isa = PBXContainerItemProxy;
			containerPortal = BA1E86E21CAD62E000B1DF1D /* Project object */;
			proxyType = 1;
			remoteGlobalIDString = BA1E86E91CAD62E000B1DF1D;
			remoteInfo = POPGreeButton;
		};
/* End PBXContainerItemProxy section */

/* Begin PBXFileReference section */
		BA1E86EA1CAD62E000B1DF1D /* POPGreeButton.app */ = {isa = PBXFileReference; explicitFileType = wrapper.application; includeInIndex = 0; path = POPGreeButton.app; sourceTree = BUILT_PRODUCTS_DIR; };
		BA1E86EE1CAD62E000B1DF1D /* main.m */ = {isa = PBXFileReference; lastKnownFileType = sourcecode.c.objc; path = main.m; sourceTree = "<group>"; };
		BA1E86F01CAD62E000B1DF1D /* AppDelegate.h */ = {isa = PBXFileReference; lastKnownFileType = sourcecode.c.h; path = AppDelegate.h; sourceTree = "<group>"; };
		BA1E86F11CAD62E000B1DF1D /* AppDelegate.m */ = {isa = PBXFileReference; lastKnownFileType = sourcecode.c.objc; path = AppDelegate.m; sourceTree = "<group>"; };
		BA1E86F31CAD62E000B1DF1D /* ViewController.h */ = {isa = PBXFileReference; lastKnownFileType = sourcecode.c.h; path = ViewController.h; sourceTree = "<group>"; };
		BA1E86F41CAD62E000B1DF1D /* ViewController.m */ = {isa = PBXFileReference; lastKnownFileType = sourcecode.c.objc; path = ViewController.m; sourceTree = "<group>"; };
		BA1E86F71CAD62E000B1DF1D /* Base */ = {isa = PBXFileReference; lastKnownFileType = file.storyboard; name = Base; path = Base.lproj/Main.storyboard; sourceTree = "<group>"; };
		BA1E86F91CAD62E000B1DF1D /* Assets.xcassets */ = {isa = PBXFileReference; lastKnownFileType = folder.assetcatalog; path = Assets.xcassets; sourceTree = "<group>"; };
		BA1E86FC1CAD62E000B1DF1D /* Base */ = {isa = PBXFileReference; lastKnownFileType = file.storyboard; name = Base; path = Base.lproj/LaunchScreen.storyboard; sourceTree = "<group>"; };
		BA1E86FE1CAD62E000B1DF1D /* Info.plist */ = {isa = PBXFileReference; lastKnownFileType = text.plist.xml; path = Info.plist; sourceTree = "<group>"; };
		BA1E87031CAD62E000B1DF1D /* POPGreeButtonTests.xctest */ = {isa = PBXFileReference; explicitFileType = wrapper.cfbundle; includeInIndex = 0; path = POPGreeButtonTests.xctest; sourceTree = BUILT_PRODUCTS_DIR; };
		BA1E87071CAD62E000B1DF1D /* POPGreeButtonTests.m */ = {isa = PBXFileReference; lastKnownFileType = sourcecode.c.objc; path = POPGreeButtonTests.m; sourceTree = "<group>"; };
		BA1E87091CAD62E000B1DF1D /* Info.plist */ = {isa = PBXFileReference; lastKnownFileType = text.plist.xml; path = Info.plist; sourceTree = "<group>"; };
		BA1E870E1CAD62E000B1DF1D /* POPGreeButtonUITests.xctest */ = {isa = PBXFileReference; explicitFileType = wrapper.cfbundle; includeInIndex = 0; path = POPGreeButtonUITests.xctest; sourceTree = BUILT_PRODUCTS_DIR; };
		BA1E87121CAD62E000B1DF1D /* POPGreeButtonUITests.m */ = {isa = PBXFileReference; lastKnownFileType = sourcecode.c.objc; path = POPGreeButtonUITests.m; sourceTree = "<group>"; };
		BA1E87141CAD62E000B1DF1D /* Info.plist */ = {isa = PBXFileReference; lastKnownFileType = text.plist.xml; path = Info.plist; sourceTree = "<group>"; };
		BA1E87261CAD84C300B1DF1D /* POPButton.h */ = {isa = PBXFileReference; fileEncoding = 4; lastKnownFileType = sourcecode.c.h; path = POPButton.h; sourceTree = "<group>"; };
		BA1E87271CAD84C300B1DF1D /* POPButton.m */ = {isa = PBXFileReference; fileEncoding = 4; lastKnownFileType = sourcecode.c.objc; path = POPButton.m; sourceTree = "<group>"; };
/* End PBXFileReference section */

/* Begin PBXFrameworksBuildPhase section */
		BA1E86E71CAD62E000B1DF1D /* Frameworks */ = {
			isa = PBXFrameworksBuildPhase;
			buildActionMask = 2147483647;
			files = (
			);
			runOnlyForDeploymentPostprocessing = 0;
		};
		BA1E87001CAD62E000B1DF1D /* Frameworks */ = {
			isa = PBXFrameworksBuildPhase;
			buildActionMask = 2147483647;
			files = (
			);
			runOnlyForDeploymentPostprocessing = 0;
		};
		BA1E870B1CAD62E000B1DF1D /* Frameworks */ = {
			isa = PBXFrameworksBuildPhase;
			buildActionMask = 2147483647;
			files = (
			);
			runOnlyForDeploymentPostprocessing = 0;
		};
/* End PBXFrameworksBuildPhase section */

/* Begin PBXGroup section */
		BA1E86E11CAD62E000B1DF1D = {
			isa = PBXGroup;
			children = (
				BA1E86EC1CAD62E000B1DF1D /* POPGreeButton */,
				BA1E87061CAD62E000B1DF1D /* POPGreeButtonTests */,
				BA1E87111CAD62E000B1DF1D /* POPGreeButtonUITests */,
				BA1E86EB1CAD62E000B1DF1D /* Products */,
			);
			sourceTree = "<group>";
		};
		BA1E86EB1CAD62E000B1DF1D /* Products */ = {
			isa = PBXGroup;
			children = (
				BA1E86EA1CAD62E000B1DF1D /* POPGreeButton.app */,
				BA1E87031CAD62E000B1DF1D /* POPGreeButtonTests.xctest */,
				BA1E870E1CAD62E000B1DF1D /* POPGreeButtonUITests.xctest */,
			);
			name = Products;
			sourceTree = "<group>";
		};
		BA1E86EC1CAD62E000B1DF1D /* POPGreeButton */ = {
			isa = PBXGroup;
			children = (
				BA1E86F01CAD62E000B1DF1D /* AppDelegate.h */,
				BA1E86F11CAD62E000B1DF1D /* AppDelegate.m */,
				BA1E86F31CAD62E000B1DF1D /* ViewController.h */,
				BA1E86F41CAD62E000B1DF1D /* ViewController.m */,
				BA1E87251CAD84C300B1DF1D /* POPButton */,
				BA1E86F61CAD62E000B1DF1D /* Main.storyboard */,
				BA1E86F91CAD62E000B1DF1D /* Assets.xcassets */,
				BA1E86FB1CAD62E000B1DF1D /* LaunchScreen.storyboard */,
				BA1E86FE1CAD62E000B1DF1D /* Info.plist */,
				BA1E86ED1CAD62E000B1DF1D /* Supporting Files */,
			);
			path = POPGreeButton;
			sourceTree = "<group>";
		};
		BA1E86ED1CAD62E000B1DF1D /* Supporting Files */ = {
			isa = PBXGroup;
			children = (
				BA1E86EE1CAD62E000B1DF1D /* main.m */,
			);
			name = "Supporting Files";
			sourceTree = "<group>";
		};
		BA1E87061CAD62E000B1DF1D /* POPGreeButtonTests */ = {
			isa = PBXGroup;
			children = (
				BA1E87071CAD62E000B1DF1D /* POPGreeButtonTests.m */,
				BA1E87091CAD62E000B1DF1D /* Info.plist */,
			);
			path = POPGreeButtonTests;
			sourceTree = "<group>";
		};
		BA1E87111CAD62E000B1DF1D /* POPGreeButtonUITests */ = {
			isa = PBXGroup;
			children = (
				BA1E87121CAD62E000B1DF1D /* POPGreeButtonUITests.m */,
				BA1E87141CAD62E000B1DF1D /* Info.plist */,
			);
			path = POPGreeButtonUITests;
			sourceTree = "<group>";
		};
		BA1E87251CAD84C300B1DF1D /* POPButton */ = {
			isa = PBXGroup;
			children = (
				BA1E87261CAD84C300B1DF1D /* POPButton.h */,
				BA1E87271CAD84C300B1DF1D /* POPButton.m */,
			);
			path = POPButton;
			sourceTree = "<group>";
		};
/* End PBXGroup section */

/* Begin PBXNativeTarget section */
		BA1E86E91CAD62E000B1DF1D /* POPGreeButton */ = {
			isa = PBXNativeTarget;
			buildConfigurationList = BA1E87171CAD62E000B1DF1D /* Build configuration list for PBXNativeTarget "POPGreeButton" */;
			buildPhases = (
				BA1E86E61CAD62E000B1DF1D /* Sources */,
				BA1E86E71CAD62E000B1DF1D /* Frameworks */,
				BA1E86E81CAD62E000B1DF1D /* Resources */,
			);
			buildRules = (
			);
			dependencies = (
			);
			name = POPGreeButton;
			productName = POPGreeButton;
			productReference = BA1E86EA1CAD62E000B1DF1D /* POPGreeButton.app */;
			productType = "com.apple.product-type.application";
		};
		BA1E87021CAD62E000B1DF1D /* POPGreeButtonTests */ = {
			isa = PBXNativeTarget;
			buildConfigurationList = BA1E871A1CAD62E000B1DF1D /* Build configuration list for PBXNativeTarget "POPGreeButtonTests" */;
			buildPhases = (
				BA1E86FF1CAD62E000B1DF1D /* Sources */,
				BA1E87001CAD62E000B1DF1D /* Frameworks */,
				BA1E87011CAD62E000B1DF1D /* Resources */,
			);
			buildRules = (
			);
			dependencies = (
				BA1E87051CAD62E000B1DF1D /* PBXTargetDependency */,
			);
			name = POPGreeButtonTests;
			productName = POPGreeButtonTests;
			productReference = BA1E87031CAD62E000B1DF1D /* POPGreeButtonTests.xctest */;
			productType = "com.apple.product-type.bundle.unit-test";
		};
		BA1E870D1CAD62E000B1DF1D /* POPGreeButtonUITests */ = {
			isa = PBXNativeTarget;
			buildConfigurationList = BA1E871D1CAD62E000B1DF1D /* Build configuration list for PBXNativeTarget "POPGreeButtonUITests" */;
			buildPhases = (
				BA1E870A1CAD62E000B1DF1D /* Sources */,
				BA1E870B1CAD62E000B1DF1D /* Frameworks */,
				BA1E870C1CAD62E000B1DF1D /* Resources */,
			);
			buildRules = (
			);
			dependencies = (
				BA1E87101CAD62E000B1DF1D /* PBXTargetDependency */,
			);
			name = POPGreeButtonUITests;
			productName = POPGreeButtonUITests;
			productReference = BA1E870E1CAD62E000B1DF1D /* POPGreeButtonUITests.xctest */;
			productType = "com.apple.product-type.bundle.ui-testing";
		};
/* End PBXNativeTarget section */

/* Begin PBXProject section */
		BA1E86E21CAD62E000B1DF1D /* Project object */ = {
			isa = PBXProject;
			attributes = {
				LastUpgradeCheck = 0730;
				ORGANIZATIONNAME = "李言";
				TargetAttributes = {
					BA1E86E91CAD62E000B1DF1D = {
						CreatedOnToolsVersion = 7.3;
					};
					BA1E87021CAD62E000B1DF1D = {
						CreatedOnToolsVersion = 7.3;
						TestTargetID = BA1E86E91CAD62E000B1DF1D;
					};
					BA1E870D1CAD62E000B1DF1D = {
						CreatedOnToolsVersion = 7.3;
						TestTargetID = BA1E86E91CAD62E000B1DF1D;
					};
				};
			};
			buildConfigurationList = BA1E86E51CAD62E000B1DF1D /* Build configuration list for PBXProject "POPGreeButton" */;
			compatibilityVersion = "Xcode 3.2";
			developmentRegion = English;
			hasScannedForEncodings = 0;
			knownRegions = (
				en,
				Base,
			);
			mainGroup = BA1E86E11CAD62E000B1DF1D;
			productRefGroup = BA1E86EB1CAD62E000B1DF1D /* Products */;
			projectDirPath = "";
			projectRoot = "";
			targets = (
				BA1E86E91CAD62E000B1DF1D /* POPGreeButton */,
				BA1E87021CAD62E000B1DF1D /* POPGreeButtonTests */,
				BA1E870D1CAD62E000B1DF1D /* POPGreeButtonUITests */,
			);
		};
/* End PBXProject section */

/* Begin PBXResourcesBuildPhase section */
		BA1E86E81CAD62E000B1DF1D /* Resources */ = {
			isa = PBXResourcesBuildPhase;
			buildActionMask = 2147483647;
			files = (
				BA1E86FD1CAD62E000B1DF1D /* LaunchScreen.storyboard in Resources */,
				BA1E86FA1CAD62E000B1DF1D /* Assets.xcassets in Resources */,
				BA1E86F81CAD62E000B1DF1D /* Main.storyboard in Resources */,
			);
			runOnlyForDeploymentPostprocessing = 0;
		};
		BA1E87011CAD62E000B1DF1D /* Resources */ = {
			isa = PBXResourcesBuildPhase;
			buildActionMask = 2147483647;
			files = (
			);
			runOnlyForDeploymentPostprocessing = 0;
		};
		BA1E870C1CAD62E000B1DF1D /* Resources */ = {
			isa = PBXResourcesBuildPhase;
			buildActionMask = 2147483647;
			files = (
			);
			runOnlyForDeploymentPostprocessing = 0;
		};
/* End PBXResourcesBuildPhase section */

/* Begin PBXSourcesBuildPhase section */
		BA1E86E61CAD62E000B1DF1D /* Sources */ = {
			isa = PBXSourcesBuildPhase;
			buildActionMask = 2147483647;
			files = (
				BA1E86F51CAD62E000B1DF1D /* ViewController.m in Sources */,
				BA1E86F21CAD62E000B1DF1D /* AppDelegate.m in Sources */,
				BA1E87281CAD84C300B1DF1D /* POPButton.m in Sources */,
				BA1E86EF1CAD62E000B1DF1D /* main.m in Sources */,
			);
			runOnlyForDeploymentPostprocessing = 0;
		};
		BA1E86FF1CAD62E000B1DF1D /* Sources */ = {
			isa = PBXSourcesBuildPhase;
			buildActionMask = 2147483647;
			files = (
				BA1E87081CAD62E000B1DF1D /* POPGreeButtonTests.m in Sources */,
			);
			runOnlyForDeploymentPostprocessing = 0;
		};
		BA1E870A1CAD62E000B1DF1D /* Sources */ = {
			isa = PBXSourcesBuildPhase;
			buildActionMask = 2147483647;
			files = (
				BA1E87131CAD62E000B1DF1D /* POPGreeButtonUITests.m in Sources */,
			);
			runOnlyForDeploymentPostprocessing = 0;
		};
/* End PBXSourcesBuildPhase section */

/* Begin PBXTargetDependency section */
		BA1E87051CAD62E000B1DF1D /* PBXTargetDependency */ = {
			isa = PBXTargetDependency;
			target = BA1E86E91CAD62E000B1DF1D /* POPGreeButton */;
			targetProxy = BA1E87041CAD62E000B1DF1D /* PBXContainerItemProxy */;
		};
		BA1E87101CAD62E000B1DF1D /* PBXTargetDependency */ = {
			isa = PBXTargetDependency;
			target = BA1E86E91CAD62E000B1DF1D /* POPGreeButton */;
			targetProxy = BA1E870F1CAD62E000B1DF1D /* PBXContainerItemProxy */;
		};
/* End PBXTargetDependency section */

/* Begin PBXVariantGroup section */
		BA1E86F61CAD62E000B1DF1D /* Main.storyboard */ = {
			isa = PBXVariantGroup;
			children = (
				BA1E86F71CAD62E000B1DF1D /* Base */,
			);
			name = Main.storyboard;
			sourceTree = "<group>";
		};
		BA1E86FB1CAD62E000B1DF1D /* LaunchScreen.storyboard */ = {
			isa = PBXVariantGroup;
			children = (
				BA1E86FC1CAD62E000B1DF1D /* Base */,
			);
			name = LaunchScreen.storyboard;
			sourceTree = "<group>";
		};
/* End PBXVariantGroup section */

/* Begin XCBuildConfiguration section */
		BA1E87151CAD62E000B1DF1D /* Debug */ = {
			isa = XCBuildConfiguration;
			buildSettings = {
				ALWAYS_SEARCH_USER_PATHS = NO;
				CLANG_ANALYZER_NONNULL = YES;
				CLANG_CXX_LANGUAGE_STANDARD = "gnu++0x";
				CLANG_CXX_LIBRARY = "libc++";
				CLANG_ENABLE_MODULES = YES;
				CLANG_ENABLE_OBJC_ARC = YES;
				CLANG_WARN_BOOL_CONVERSION = YES;
				CLANG_WARN_CONSTANT_CONVERSION = YES;
				CLANG_WARN_DIRECT_OBJC_ISA_USAGE = YES_ERROR;
				CLANG_WARN_EMPTY_BODY = YES;
				CLANG_WARN_ENUM_CONVERSION = YES;
				CLANG_WARN_INT_CONVERSION = YES;
				CLANG_WARN_OBJC_ROOT_CLASS = YES_ERROR;
				CLANG_WARN_UNREACHABLE_CODE = YES;
				CLANG_WARN__DUPLICATE_METHOD_MATCH = YES;
				"CODE_SIGN_IDENTITY[sdk=iphoneos*]" = "iPhone Developer";
				COPY_PHASE_STRIP = NO;
				DEBUG_INFORMATION_FORMAT = dwarf;
				ENABLE_STRICT_OBJC_MSGSEND = YES;
				ENABLE_TESTABILITY = YES;
				GCC_C_LANGUAGE_STANDARD = gnu99;
				GCC_DYNAMIC_NO_PIC = NO;
				GCC_NO_COMMON_BLOCKS = YES;
				GCC_OPTIMIZATION_LEVEL = 0;
				GCC_PREPROCESSOR_DEFINITIONS = (
					"DEBUG=1",
					"$(inherited)",
				);
				GCC_WARN_64_TO_32_BIT_CONVERSION = YES;
				GCC_WARN_ABOUT_RETURN_TYPE = YES_ERROR;
				GCC_WARN_UNDECLARED_SELECTOR = YES;
				GCC_WARN_UNINITIALIZED_AUTOS = YES_AGGRESSIVE;
				GCC_WARN_UNUSED_FUNCTION = YES;
				GCC_WARN_UNUSED_VARIABLE = YES;
				IPHONEOS_DEPLOYMENT_TARGET = 9.3;
				MTL_ENABLE_DEBUG_INFO = YES;
				ONLY_ACTIVE_ARCH = YES;
				SDKROOT = iphoneos;
				TARGETED_DEVICE_FAMILY = "1,2";
			};
			name = Debug;
		};
		BA1E87161CAD62E000B1DF1D /* Release */ = {
			isa = XCBuildConfiguration;
			buildSettings = {
				ALWAYS_SEARCH_USER_PATHS = NO;
				CLANG_ANALYZER_NONNULL = YES;
				CLANG_CXX_LANGUAGE_STANDARD = "gnu++0x";
				CLANG_CXX_LIBRARY = "libc++";
				CLANG_ENABLE_MODULES = YES;
				CLANG_ENABLE_OBJC_ARC = YES;
				CLANG_WARN_BOOL_CONVERSION = YES;
				CLANG_WARN_CONSTANT_CONVERSION = YES;
				CLANG_WARN_DIRECT_OBJC_ISA_USAGE = YES_ERROR;
				CLANG_WARN_EMPTY_BODY = YES;
				CLANG_WARN_ENUM_CONVERSION = YES;
				CLANG_WARN_INT_CONVERSION = YES;
				CLANG_WARN_OBJC_ROOT_CLASS = YES_ERROR;
				CLANG_WARN_UNREACHABLE_CODE = YES;
				CLANG_WARN__DUPLICATE_METHOD_MATCH = YES;
				"CODE_SIGN_IDENTITY[sdk=iphoneos*]" = "iPhone Developer";
				COPY_PHASE_STRIP = NO;
				DEBUG_INFORMATION_FORMAT = "dwarf-with-dsym";
				ENABLE_NS_ASSERTIONS = NO;
				ENABLE_STRICT_OBJC_MSGSEND = YES;
				GCC_C_LANGUAGE_STANDARD = gnu99;
				GCC_NO_COMMON_BLOCKS = YES;
				GCC_WARN_64_TO_32_BIT_CONVERSION = YES;
				GCC_WARN_ABOUT_RETURN_TYPE = YES_ERROR;
				GCC_WARN_UNDECLARED_SELECTOR = YES;
				GCC_WARN_UNINITIALIZED_AUTOS = YES_AGGRESSIVE;
				GCC_WARN_UNUSED_FUNCTION = YES;
				GCC_WARN_UNUSED_VARIABLE = YES;
				IPHONEOS_DEPLOYMENT_TARGET = 9.3;
				MTL_ENABLE_DEBUG_INFO = NO;
				SDKROOT = iphoneos;
				TARGETED_DEVICE_FAMILY = "1,2";
				VALIDATE_PRODUCT = YES;
			};
			name = Release;
		};
		BA1E87181CAD62E000B1DF1D /* Debug */ = {
			isa = XCBuildConfiguration;
			buildSettings = {
				ASSETCATALOG_COMPILER_APPICON_NAME = AppIcon;
				INFOPLIST_FILE = POPGreeButton/Info.plist;
				LD_RUNPATH_SEARCH_PATHS = "$(inherited) @executable_path/Frameworks";
				PRODUCT_BUNDLE_IDENTIFIER = liyan.POPGreeButton;
				PRODUCT_NAME = "$(TARGET_NAME)";
			};
			name = Debug;
		};
		BA1E87191CAD62E000B1DF1D /* Release */ = {
			isa = XCBuildConfiguration;
			buildSettings = {
				ASSETCATALOG_COMPILER_APPICON_NAME = AppIcon;
				INFOPLIST_FILE = POPGreeButton/Info.plist;
				LD_RUNPATH_SEARCH_PATHS = "$(inherited) @executable_path/Frameworks";
				PRODUCT_BUNDLE_IDENTIFIER = liyan.POPGreeButton;
				PRODUCT_NAME = "$(TARGET_NAME)";
			};
			name = Release;
		};
		BA1E871B1CAD62E000B1DF1D /* Debug */ = {
			isa = XCBuildConfiguration;
			buildSettings = {
				BUNDLE_LOADER = "$(TEST_HOST)";
				INFOPLIST_FILE = POPGreeButtonTests/Info.plist;
				LD_RUNPATH_SEARCH_PATHS = "$(inherited) @executable_path/Frameworks @loader_path/Frameworks";
				PRODUCT_BUNDLE_IDENTIFIER = liyan.POPGreeButtonTests;
				PRODUCT_NAME = "$(TARGET_NAME)";
				TEST_HOST = "$(BUILT_PRODUCTS_DIR)/POPGreeButton.app/POPGreeButton";
			};
			name = Debug;
		};
		BA1E871C1CAD62E000B1DF1D /* Release */ = {
			isa = XCBuildConfiguration;
			buildSettings = {
				BUNDLE_LOADER = "$(TEST_HOST)";
				INFOPLIST_FILE = POPGreeButtonTests/Info.plist;
				LD_RUNPATH_SEARCH_PATHS = "$(inherited) @executable_path/Frameworks @loader_path/Frameworks";
				PRODUCT_BUNDLE_IDENTIFIER = liyan.POPGreeButtonTests;
				PRODUCT_NAME = "$(TARGET_NAME)";
				TEST_HOST = "$(BUILT_PRODUCTS_DIR)/POPGreeButton.app/POPGreeButton";
			};
			name = Release;
		};
		BA1E871E1CAD62E000B1DF1D /* Debug */ = {
			isa = XCBuildConfiguration;
			buildSettings = {
				INFOPLIST_FILE = POPGreeButtonUITests/Info.plist;
				LD_RUNPATH_SEARCH_PATHS = "$(inherited) @executable_path/Frameworks @loader_path/Frameworks";
				PRODUCT_BUNDLE_IDENTIFIER = liyan.POPGreeButtonUITests;
				PRODUCT_NAME = "$(TARGET_NAME)";
				TEST_TARGET_NAME = POPGreeButton;
			};
			name = Debug;
		};
		BA1E871F1CAD62E000B1DF1D /* Release */ = {
			isa = XCBuildConfiguration;
			buildSettings = {
				INFOPLIST_FILE = POPGreeButtonUITests/Info.plist;
				LD_RUNPATH_SEARCH_PATHS = "$(inherited) @executable_path/Frameworks @loader_path/Frameworks";
				PRODUCT_BUNDLE_IDENTIFIER = liyan.POPGreeButtonUITests;
				PRODUCT_NAME = "$(TARGET_NAME)";
				TEST_TARGET_NAME = POPGreeButton;
			};
			name = Release;
		};
/* End XCBuildConfiguration section */

/* Begin XCConfigurationList section */
		BA1E86E51CAD62E000B1DF1D /* Build configuration list for PBXProject "POPGreeButton" */ = {
			isa = XCConfigurationList;
			buildConfigurations = (
				BA1E87151CAD62E000B1DF1D /* Debug */,
				BA1E87161CAD62E000B1DF1D /* Release */,
			);
			defaultConfigurationIsVisible = 0;
			defaultConfigurationName = Release;
		};
		BA1E87171CAD62E000B1DF1D /* Build configuration list for PBXNativeTarget "POPGreeButton" */ = {
			isa = XCConfigurationList;
			buildConfigurations = (
				BA1E87181CAD62E000B1DF1D /* Debug */,
				BA1E87191CAD62E000B1DF1D /* Release */,
			);
			defaultConfigurationIsVisible = 0;
		};
		BA1E871A1CAD62E000B1DF1D /* Build configuration list for PBXNativeTarget "POPGreeButtonTests" */ = {
			isa = XCConfigurationList;
			buildConfigurations = (
				BA1E871B1CAD62E000B1DF1D /* Debug */,
				BA1E871C1CAD62E000B1DF1D /* Release */,
			);
			defaultConfigurationIsVisible = 0;
		};
		BA1E871D1CAD62E000B1DF1D /* Build configuration list for PBXNativeTarget "POPGreeButtonUITests" */ = {
			isa = XCConfigurationList;
			buildConfigurations = (
				BA1E871E1CAD62E000B1DF1D /* Debug */,
				BA1E871F1CAD62E000B1DF1D /* Release */,
			);
			defaultConfigurationIsVisible = 0;
		};
/* End XCConfigurationList section */
	};
	rootObject = BA1E86E21CAD62E000B1DF1D /* Project object */;
}
